
Microsoft Visual Studio Solution File, Format Version 12.00
# Visual Studio 15
VisualStudioVersion = 15.0.28307.136
MinimumVisualStudioVersion = 10.0.40219.1
Project("{FAE04EC0-301F-11D3-BF4B-00C04F79EFBC}") = "AssignmentFour-Rythms", "AssignmentFour-Rythms.csproj", "{BB6CE553-BA14-4130-8A08-D8D007B8D065}"
EndProject
Global
	GlobalSection(SolutionConfigurationPlatforms) = preSolution
		Debug|Any CPU = Debug|Any CPU
		Release|Any CPU = Release|Any CPU
	EndGlobalSection
	GlobalSection(ProjectConfigurationPlatforms) = postSolution
		{BB6CE553-BA14-4130-8A08-D8D007B8D065}.Debug|Any CPU.ActiveCfg = Debug|Any CPU
		{BB6CE553-BA14-4130-8A08-D8D007B8D065}.Debug|Any CPU.Build.0 = Debug|Any CPU
		{BB6CE553-BA14-4130-8A08-D8D007B8D065}.Release|Any CPU.ActiveCfg = Release|Any CPU
		{BB6CE553-BA14-4130-8A08-D8D007B8D065}.Release|Any CPU.Build.0 = Release|Any CPU
	EndGlobalSection
	GlobalSection(SolutionProperties) = preSolution
		HideSolutionNode = FALSE
	EndGlobalSection
	GlobalSection(ExtensibilityGlobals) = postSolution
		SolutionGuid = {B073AAC7-3F49-4CFA-962F-AEBD93CE61EF}
	EndGlobalSection
EndGlobal
